// !$*UTF8*$!
{
	archiveVersion = 1;
	classes = {
	};
	objectVersion = 50;
	objects = {

/* Begin PBXBuildFile section */
		0D488D1821893D870061B9FC /* CommonKit.m in Sources */ = {isa = PBXBuildFile; fileRef = 0D488D1721893D870061B9FC /* CommonKit.m */; };
		0D488D1921893D870061B9FC /* CommonKit.h in CopyFiles */ = {isa = PBXBuildFile; fileRef = 0D488D1621893D870061B9FC /* CommonKit.h */; };
		0D488D75218A9DB50061B9FC /* XIProgressHUD.m in Sources */ = {isa = PBXBuildFile; fileRef = 0D488D70218A9DB50061B9FC /* XIProgressHUD.m */; };
		0D488D76218A9DB50061B9FC /* XIProgressIndicator.m in Sources */ = {isa = PBXBuildFile; fileRef = 0D488D73218A9DB50061B9FC /* XIProgressIndicator.m */; };
		0D488D79218A9DBE0061B9FC /* OCInsetLabelView.m in Sources */ = {isa = PBXBuildFile; fileRef = 0D488D77218A9DBE0061B9FC /* OCInsetLabelView.m */; };
		0D488DAD218AA28B0061B9FC /* XITextTabBar.m in Sources */ = {isa = PBXBuildFile; fileRef = 0D488DAB218AA28B0061B9FC /* XITextTabBar.m */; };
		0D488DB0218AA3B40061B9FC /* XILabelListView.m in Sources */ = {isa = PBXBuildFile; fileRef = 0D488DAF218AA3B40061B9FC /* XILabelListView.m */; };
		0D488DB3218AA6FE0061B9FC /* XIJustifiedScrollLabelView.m in Sources */ = {isa = PBXBuildFile; fileRef = 0D488DB2218AA6FE0061B9FC /* XIJustifiedScrollLabelView.m */; };
		0D488DB7218AA82A0061B9FC /* NSAttributedString+JKAdditions.m in Sources */ = {isa = PBXBuildFile; fileRef = 0D488DB6218AA82A0061B9FC /* NSAttributedString+JKAdditions.m */; };
		0D488DBA218AA92D0061B9FC /* JKGradientButton.m in Sources */ = {isa = PBXBuildFile; fileRef = 0D488DB8218AA92D0061B9FC /* JKGradientButton.m */; };
		0D488DBE218AAA6E0061B9FC /* SingletonObject.m in Sources */ = {isa = PBXBuildFile; fileRef = 0D488DBD218AAA6E0061B9FC /* SingletonObject.m */; };
		0DA3369A21E31CB9007947DC /* NSString+CustomSubstring.m in Sources */ = {isa = PBXBuildFile; fileRef = 0DA3369921E31CB8007947DC /* NSString+CustomSubstring.m */; };
		0DAF06A12213F2CB00E9299C /* NSString+URLHelper.m in Sources */ = {isa = PBXBuildFile; fileRef = 0DAF06A02213F2CB00E9299C /* NSString+URLHelper.m */; };
/* End PBXBuildFile section */

/* Begin PBXCopyFilesBuildPhase section */
		0D488D1121893D870061B9FC /* CopyFiles */ = {
			isa = PBXCopyFilesBuildPhase;
			buildActionMask = 2147483647;
			dstPath = "include/$(PRODUCT_NAME)";
			dstSubfolderSpec = 16;
			files = (
				0D488D1921893D870061B9FC /* CommonKit.h in CopyFiles */,
			);
			runOnlyForDeploymentPostprocessing = 0;
		};
/* End PBXCopyFilesBuildPhase section */

/* Begin PBXFileReference section */
		0D488D1321893D870061B9FC /* libCommonKit.a */ = {isa = PBXFileReference; explicitFileType = archive.ar; includeInIndex = 0; path = libCommonKit.a; sourceTree = BUILT_PRODUCTS_DIR; };
		0D488D1621893D870061B9FC /* CommonKit.h */ = {isa = PBXFileReference; lastKnownFileType = sourcecode.c.h; path = CommonKit.h; sourceTree = "<group>"; };
		0D488D1721893D870061B9FC /* CommonKit.m */ = {isa = PBXFileReference; lastKnownFileType = sourcecode.c.objc; path = CommonKit.m; sourceTree = "<group>"; };
		0D488D70218A9DB50061B9FC /* XIProgressHUD.m */ = {isa = PBXFileReference; fileEncoding = 4; lastKnownFileType = sourcecode.c.objc; path = XIProgressHUD.m; sourceTree = "<group>"; };
		0D488D71218A9DB50061B9FC /* XIProgressHUD.h */ = {isa = PBXFileReference; fileEncoding = 4; lastKnownFileType = sourcecode.c.h; path = XIProgressHUD.h; sourceTree = "<group>"; };
		0D488D73218A9DB50061B9FC /* XIProgressIndicator.m */ = {isa = PBXFileReference; fileEncoding = 4; lastKnownFileType = sourcecode.c.objc; path = XIProgressIndicator.m; sourceTree = "<group>"; };
		0D488D74218A9DB50061B9FC /* XIProgressIndicator.h */ = {isa = PBXFileReference; fileEncoding = 4; lastKnownFileType = sourcecode.c.h; path = XIProgressIndicator.h; sourceTree = "<group>"; };
		0D488D77218A9DBE0061B9FC /* OCInsetLabelView.m */ = {isa = PBXFileReference; fileEncoding = 4; lastKnownFileType = sourcecode.c.objc; path = OCInsetLabelView.m; sourceTree = "<group>"; };
		0D488D78218A9DBE0061B9FC /* OCInsetLabelView.h */ = {isa = PBXFileReference; fileEncoding = 4; lastKnownFileType = sourcecode.c.h; path = OCInsetLabelView.h; sourceTree = "<group>"; };
		0D488DAB218AA28B0061B9FC /* XITextTabBar.m */ = {isa = PBXFileReference; fileEncoding = 4; lastKnownFileType = sourcecode.c.objc; path = XITextTabBar.m; sourceTree = "<group>"; };
		0D488DAC218AA28B0061B9FC /* XITextTabBar.h */ = {isa = PBXFileReference; fileEncoding = 4; lastKnownFileType = sourcecode.c.h; path = XITextTabBar.h; sourceTree = "<group>"; };
		0D488DAE218AA3B40061B9FC /* XILabelListView.h */ = {isa = PBXFileReference; fileEncoding = 4; lastKnownFileType = sourcecode.c.h; path = XILabelListView.h; sourceTree = "<group>"; };
		0D488DAF218AA3B40061B9FC /* XILabelListView.m */ = {isa = PBXFileReference; fileEncoding = 4; lastKnownFileType = sourcecode.c.objc; path = XILabelListView.m; sourceTree = "<group>"; };
		0D488DB1218AA6FE0061B9FC /* XIJustifiedScrollLabelView.h */ = {isa = PBXFileReference; fileEncoding = 4; lastKnownFileType = sourcecode.c.h; path = XIJustifiedScrollLabelView.h; sourceTree = "<group>"; };
		0D488DB2218AA6FE0061B9FC /* XIJustifiedScrollLabelView.m */ = {isa = PBXFileReference; fileEncoding = 4; lastKnownFileType = sourcecode.c.objc; path = XIJustifiedScrollLabelView.m; sourceTree = "<group>"; };
		0D488DB5218AA82A0061B9FC /* NSAttributedString+JKAdditions.h */ = {isa = PBXFileReference; fileEncoding = 4; lastKnownFileType = sourcecode.c.h; path = "NSAttributedString+JKAdditions.h"; sourceTree = "<group>"; };
		0D488DB6218AA82A0061B9FC /* NSAttributedString+JKAdditions.m */ = {isa = PBXFileReference; fileEncoding = 4; lastKnownFileType = sourcecode.c.objc; path = "NSAttributedString+JKAdditions.m"; sourceTree = "<group>"; };
		0D488DB8218AA92D0061B9FC /* JKGradientButton.m */ = {isa = PBXFileReference; fileEncoding = 4; lastKnownFileType = sourcecode.c.objc; path = JKGradientButton.m; sourceTree = "<group>"; };
		0D488DB9218AA92D0061B9FC /* JKGradientButton.h */ = {isa = PBXFileReference; fileEncoding = 4; lastKnownFileType = sourcecode.c.h; path = JKGradientButton.h; sourceTree = "<group>"; };
		0D488DBC218AAA6E0061B9FC /* SingletonObject.h */ = {isa = PBXFileReference; fileEncoding = 4; lastKnownFileType = sourcecode.c.h; path = SingletonObject.h; sourceTree = "<group>"; };
		0D488DBD218AAA6E0061B9FC /* SingletonObject.m */ = {isa = PBXFileReference; fileEncoding = 4; lastKnownFileType = sourcecode.c.objc; path = SingletonObject.m; sourceTree = "<group>"; };
		0DA3369821E31CB8007947DC /* NSString+CustomSubstring.h */ = {isa = PBXFileReference; lastKnownFileType = sourcecode.c.h; path = "NSString+CustomSubstring.h"; sourceTree = "<group>"; };
		0DA3369921E31CB8007947DC /* NSString+CustomSubstring.m */ = {isa = PBXFileReference; lastKnownFileType = sourcecode.c.objc; path = "NSString+CustomSubstring.m"; sourceTree = "<group>"; };
		0DAF069F2213F2CB00E9299C /* NSString+URLHelper.h */ = {isa = PBXFileReference; lastKnownFileType = sourcecode.c.h; path = "NSString+URLHelper.h"; sourceTree = "<group>"; };
		0DAF06A02213F2CB00E9299C /* NSString+URLHelper.m */ = {isa = PBXFileReference; lastKnownFileType = sourcecode.c.objc; path = "NSString+URLHelper.m"; sourceTree = "<group>"; };
/* End PBXFileReference section */

/* Begin PBXFrameworksBuildPhase section */
		0D488D1021893D870061B9FC /* Frameworks */ = {
			isa = PBXFrameworksBuildPhase;
			buildActionMask = 2147483647;
			files = (
			);
			runOnlyForDeploymentPostprocessing = 0;
		};
/* End PBXFrameworksBuildPhase section */

/* Begin PBXGroup section */
		0D488D0A21893D870061B9FC = {
			isa = PBXGroup;
			children = (
				0D488D1521893D870061B9FC /* CommonKit */,
				0D488D1421893D870061B9FC /* Products */,
			);
			sourceTree = "<group>";
		};
		0D488D1421893D870061B9FC /* Products */ = {
			isa = PBXGroup;
			children = (
				0D488D1321893D870061B9FC /* libCommonKit.a */,
			);
			name = Products;
			sourceTree = "<group>";
		};
		0D488D1521893D870061B9FC /* CommonKit */ = {
			isa = PBXGroup;
			children = (
				0D488DBB218AAA570061B9FC /* Utils */,
				0D488DB4218AA7C70061B9FC /* Categories */,
				0D488D6E218A9DB50061B9FC /* Components */,
				0D488D1F21893DA70061B9FC /* Views */,
				0D488D1621893D870061B9FC /* CommonKit.h */,
				0D488D1721893D870061B9FC /* CommonKit.m */,
			);
			path = CommonKit;
			sourceTree = "<group>";
		};
		0D488D1F21893DA70061B9FC /* Views */ = {
			isa = PBXGroup;
			children = (
				0D488DB9218AA92D0061B9FC /* JKGradientButton.h */,
				0D488DB8218AA92D0061B9FC /* JKGradientButton.m */,
				0D488DB1218AA6FE0061B9FC /* XIJustifiedScrollLabelView.h */,
				0D488DB2218AA6FE0061B9FC /* XIJustifiedScrollLabelView.m */,
				0D488DAE218AA3B40061B9FC /* XILabelListView.h */,
				0D488DAF218AA3B40061B9FC /* XILabelListView.m */,
				0D488DAC218AA28B0061B9FC /* XITextTabBar.h */,
				0D488DAB218AA28B0061B9FC /* XITextTabBar.m */,
				0D488D78218A9DBE0061B9FC /* OCInsetLabelView.h */,
				0D488D77218A9DBE0061B9FC /* OCInsetLabelView.m */,
			);
			path = Views;
			sourceTree = "<group>";
		};
		0D488D6E218A9DB50061B9FC /* Components */ = {
			isa = PBXGroup;
			children = (
				0D488D6F218A9DB50061B9FC /* XIProgressHUD */,
				0D488D72218A9DB50061B9FC /* XIProgressIndicator */,
			);
			path = Components;
			sourceTree = "<group>";
		};
		0D488D6F218A9DB50061B9FC /* XIProgressHUD */ = {
			isa = PBXGroup;
			children = (
				0D488D71218A9DB50061B9FC /* XIProgressHUD.h */,
				0D488D70218A9DB50061B9FC /* XIProgressHUD.m */,
			);
			path = XIProgressHUD;
			sourceTree = "<group>";
		};
		0D488D72218A9DB50061B9FC /* XIProgressIndicator */ = {
			isa = PBXGroup;
			children = (
				0D488D74218A9DB50061B9FC /* XIProgressIndicator.h */,
				0D488D73218A9DB50061B9FC /* XIProgressIndicator.m */,
			);
			path = XIProgressIndicator;
			sourceTree = "<group>";
		};
		0D488DB4218AA7C70061B9FC /* Categories */ = {
			isa = PBXGroup;
			children = (
				0D488DB5218AA82A0061B9FC /* NSAttributedString+JKAdditions.h */,
				0D488DB6218AA82A0061B9FC /* NSAttributedString+JKAdditions.m */,
				0DA3369821E31CB8007947DC /* NSString+CustomSubstring.h */,
				0DA3369921E31CB8007947DC /* NSString+CustomSubstring.m */,
				0DAF069F2213F2CB00E9299C /* NSString+URLHelper.h */,
				0DAF06A02213F2CB00E9299C /* NSString+URLHelper.m */,
			);
			path = Categories;
			sourceTree = "<group>";
		};
		0D488DBB218AAA570061B9FC /* Utils */ = {
			isa = PBXGroup;
			children = (
				0D488DBC218AAA6E0061B9FC /* SingletonObject.h */,
				0D488DBD218AAA6E0061B9FC /* SingletonObject.m */,
			);
			path = Utils;
			sourceTree = "<group>";
		};
/* End PBXGroup section */

/* Begin PBXNativeTarget section */
		0D488D1221893D870061B9FC /* CommonKit */ = {
			isa = PBXNativeTarget;
			buildConfigurationList = 0D488D1C21893D870061B9FC /* Build configuration list for PBXNativeTarget "CommonKit" */;
			buildPhases = (
				0D488D0F21893D870061B9FC /* Sources */,
				0D488D1021893D870061B9FC /* Frameworks */,
				0D488D1121893D870061B9FC /* CopyFiles */,
			);
			buildRules = (
			);
			dependencies = (
			);
			name = CommonKit;
			productName = CommonKit;
			productReference = 0D488D1321893D870061B9FC /* libCommonKit.a */;
			productType = "com.apple.product-type.library.static";
		};
/* End PBXNativeTarget section */

/* Begin PBXProject section */
		0D488D0B21893D870061B9FC /* Project object */ = {
			isa = PBXProject;
			attributes = {
				LastUpgradeCheck = 1000;
				ORGANIZATIONNAME = yxlong;
				TargetAttributes = {
					0D488D1221893D870061B9FC = {
						CreatedOnToolsVersion = 10.0;
					};
				};
			};
			buildConfigurationList = 0D488D0E21893D870061B9FC /* Build configuration list for PBXProject "CommonKit" */;
			compatibilityVersion = "Xcode 9.3";
			developmentRegion = en;
			hasScannedForEncodings = 0;
			knownRegions = (
				en,
			);
			mainGroup = 0D488D0A21893D870061B9FC;
			productRefGroup = 0D488D1421893D870061B9FC /* Products */;
			projectDirPath = "";
			projectRoot = "";
			targets = (
				0D488D1221893D870061B9FC /* CommonKit */,
			);
		};
/* End PBXProject section */

/* Begin PBXSourcesBuildPhase section */
		0D488D0F21893D870061B9FC /* Sources */ = {
			isa = PBXSourcesBuildPhase;
			buildActionMask = 2147483647;
			files = (
				0D488DAD218AA28B0061B9FC /* XITextTabBar.m in Sources */,
				0DA3369A21E31CB9007947DC /* NSString+CustomSubstring.m in Sources */,
				0D488D75218A9DB50061B9FC /* XIProgressHUD.m in Sources */,
				0D488D79218A9DBE0061B9FC /* OCInsetLabelView.m in Sources */,
				0D488DB3218AA6FE0061B9FC /* XIJustifiedScrollLabelView.m in Sources */,
				0DAF06A12213F2CB00E9299C /* NSString+URLHelper.m in Sources */,
				0D488DB7218AA82A0061B9FC /* NSAttributedString+JKAdditions.m in Sources */,
				0D488DBA218AA92D0061B9FC /* JKGradientButton.m in Sources */,
				0D488DBE218AAA6E0061B9FC /* SingletonObject.m in Sources */,
				0D488D76218A9DB50061B9FC /* XIProgressIndicator.m in Sources */,
				0D488D1821893D870061B9FC /* CommonKit.m in Sources */,
				0D488DB0218AA3B40061B9FC /* XILabelListView.m in Sources */,
			);
			runOnlyForDeploymentPostprocessing = 0;
		};
/* End PBXSourcesBuildPhase section */

/* Begin XCBuildConfiguration section */
		0D488D1A21893D870061B9FC /* Debug */ = {
			isa = XCBuildConfiguration;
			buildSettings = {
				ALWAYS_SEARCH_USER_PATHS = NO;
				CLANG_ANALYZER_NONNULL = YES;
				CLANG_ANALYZER_NUMBER_OBJECT_CONVERSION = YES_AGGRESSIVE;
				CLANG_CXX_LANGUAGE_STANDARD = "gnu++14";
				CLANG_CXX_LIBRARY = "libc++";
				CLANG_ENABLE_MODULES = YES;
				CLANG_ENABLE_OBJC_ARC = YES;
				CLANG_ENABLE_OBJC_WEAK = YES;
				CLANG_WARN_BLOCK_CAPTURE_AUTORELEASING = YES;
				CLANG_WARN_BOOL_CONVERSION = YES;
				CLANG_WARN_COMMA = YES;
				CLANG_WARN_CONSTANT_CONVERSION = YES;
				CLANG_WARN_DEPRECATED_OBJC_IMPLEMENTATIONS = YES;
				CLANG_WARN_DIRECT_OBJC_ISA_USAGE = YES_ERROR;
				CLANG_WARN_DOCUMENTATION_COMMENTS = YES;
				CLANG_WARN_EMPTY_BODY = YES;
				CLANG_WARN_ENUM_CONVERSION = YES;
				CLANG_WARN_INFINITE_RECURSION = YES;
				CLANG_WARN_INT_CONVERSION = YES;
				CLANG_WARN_NON_LITERAL_NULL_CONVERSION = YES;
				CLANG_WARN_OBJC_IMPLICIT_RETAIN_SELF = YES;
				CLANG_WARN_OBJC_LITERAL_CONVERSION = YES;
				CLANG_WARN_OBJC_ROOT_CLASS = YES_ERROR;
				CLANG_WARN_RANGE_LOOP_ANALYSIS = YES;
				CLANG_WARN_STRICT_PROTOTYPES = YES;
				CLANG_WARN_SUSPICIOUS_MOVE = YES;
				CLANG_WARN_UNGUARDED_AVAILABILITY = YES_AGGRESSIVE;
				CLANG_WARN_UNREACHABLE_CODE = YES;
				CLANG_WARN__DUPLICATE_METHOD_MATCH = YES;
				CODE_SIGN_IDENTITY = "iPhone Developer";
				COPY_PHASE_STRIP = NO;
				DEBUG_INFORMATION_FORMAT = dwarf;
				ENABLE_STRICT_OBJC_MSGSEND = YES;
				ENABLE_TESTABILITY = YES;
				GCC_C_LANGUAGE_STANDARD = gnu11;
				GCC_DYNAMIC_NO_PIC = NO;
				GCC_NO_COMMON_BLOCKS = YES;
				GCC_OPTIMIZATION_LEVEL = 0;
				GCC_PREPROCESSOR_DEFINITIONS = (
					"DEBUG=1",
					"$(inherited)",
				);
				GCC_WARN_64_TO_32_BIT_CONVERSION = YES;
				GCC_WARN_ABOUT_RETURN_TYPE = YES_ERROR;
				GCC_WARN_UNDECLARED_SELECTOR = YES;
				GCC_WARN_UNINITIALIZED_AUTOS = YES_AGGRESSIVE;
				GCC_WARN_UNUSED_FUNCTION = YES;
				GCC_WARN_UNUSED_VARIABLE = YES;
				IPHONEOS_DEPLOYMENT_TARGET = 12.0;
				MTL_ENABLE_DEBUG_INFO = INCLUDE_SOURCE;
				MTL_FAST_MATH = YES;
				ONLY_ACTIVE_ARCH = YES;
				SDKROOT = iphoneos;
			};
			name = Debug;
		};
		0D488D1B21893D870061B9FC /* Release */ = {
			isa = XCBuildConfiguration;
			buildSettings = {
				ALWAYS_SEARCH_USER_PATHS = NO;
				CLANG_ANALYZER_NONNULL = YES;
				CLANG_ANALYZER_NUMBER_OBJECT_CONVERSION = YES_AGGRESSIVE;
				CLANG_CXX_LANGUAGE_STANDARD = "gnu++14";
				CLANG_CXX_LIBRARY = "libc++";
				CLANG_ENABLE_MODULES = YES;
				CLANG_ENABLE_OBJC_ARC = YES;
				CLANG_ENABLE_OBJC_WEAK = YES;
				CLANG_WARN_BLOCK_CAPTURE_AUTORELEASING = YES;
				CLANG_WARN_BOOL_CONVERSION = YES;
				CLANG_WARN_COMMA = YES;
				CLANG_WARN_CONSTANT_CONVERSION = YES;
				CLANG_WARN_DEPRECATED_OBJC_IMPLEMENTATIONS = YES;
				CLANG_WARN_DIRECT_OBJC_ISA_USAGE = YES_ERROR;
				CLANG_WARN_DOCUMENTATION_COMMENTS = YES;
				CLANG_WARN_EMPTY_BODY = YES;
				CLANG_WARN_ENUM_CONVERSION = YES;
				CLANG_WARN_INFINITE_RECURSION = YES;
				CLANG_WARN_INT_CONVERSION = YES;
				CLANG_WARN_NON_LITERAL_NULL_CONVERSION = YES;
				CLANG_WARN_OBJC_IMPLICIT_RETAIN_SELF = YES;
				CLANG_WARN_OBJC_LITERAL_CONVERSION = YES;
				CLANG_WARN_OBJC_ROOT_CLASS = YES_ERROR;
				CLANG_WARN_RANGE_LOOP_ANALYSIS = YES;
				CLANG_WARN_STRICT_PROTOTYPES = YES;
				CLANG_WARN_SUSPICIOUS_MOVE = YES;
				CLANG_WARN_UNGUARDED_AVAILABILITY = YES_AGGRESSIVE;
				CLANG_WARN_UNREACHABLE_CODE = YES;
				CLANG_WARN__DUPLICATE_METHOD_MATCH = YES;
				CODE_SIGN_IDENTITY = "iPhone Developer";
				COPY_PHASE_STRIP = NO;
				DEBUG_INFORMATION_FORMAT = "dwarf-with-dsym";
				ENABLE_NS_ASSERTIONS = NO;
				ENABLE_STRICT_OBJC_MSGSEND = YES;
				GCC_C_LANGUAGE_STANDARD = gnu11;
				GCC_NO_COMMON_BLOCKS = YES;
				GCC_WARN_64_TO_32_BIT_CONVERSION = YES;
				GCC_WARN_ABOUT_RETURN_TYPE = YES_ERROR;
				GCC_WARN_UNDECLARED_SELECTOR = YES;
				GCC_WARN_UNINITIALIZED_AUTOS = YES_AGGRESSIVE;
				GCC_WARN_UNUSED_FUNCTION = YES;
				GCC_WARN_UNUSED_VARIABLE = YES;
				IPHONEOS_DEPLOYMENT_TARGET = 12.0;
				MTL_ENABLE_DEBUG_INFO = NO;
				MTL_FAST_MATH = YES;
				SDKROOT = iphoneos;
				VALIDATE_PRODUCT = YES;
			};
			name = Release;
		};
		0D488D1D21893D870061B9FC /* Debug */ = {
			isa = XCBuildConfiguration;
			buildSettings = {
				CODE_SIGN_STYLE = Automatic;
				OTHER_LDFLAGS = "-ObjC";
				PRODUCT_NAME = "$(TARGET_NAME)";
				SKIP_INSTALL = YES;
				TARGETED_DEVICE_FAMILY = "1,2";
			};
			name = Debug;
		};
		0D488D1E21893D870061B9FC /* Release */ = {
			isa = XCBuildConfiguration;
			buildSettings = {
				CODE_SIGN_STYLE = Automatic;
				OTHER_LDFLAGS = "-ObjC";
				PRODUCT_NAME = "$(TARGET_NAME)";
				SKIP_INSTALL = YES;
				TARGETED_DEVICE_FAMILY = "1,2";
			};
			name = Release;
		};
/* End XCBuildConfiguration section */

/* Begin XCConfigurationList section */
		0D488D0E21893D870061B9FC /* Build configuration list for PBXProject "CommonKit" */ = {
			isa = XCConfigurationList;
			buildConfigurations = (
				0D488D1A21893D870061B9FC /* Debug */,
				0D488D1B21893D870061B9FC /* Release */,
			);
			defaultConfigurationIsVisible = 0;
			defaultConfigurationName = Release;
		};
		0D488D1C21893D870061B9FC /* Build configuration list for PBXNativeTarget "CommonKit" */ = {
			isa = XCConfigurationList;
			buildConfigurations = (
				0D488D1D21893D870061B9FC /* Debug */,
				0D488D1E21893D870061B9FC /* Release */,
			);
			defaultConfigurationIsVisible = 0;
			defaultConfigurationName = Release;
		};
/* End XCConfigurationList section */
	};
	rootObject = 0D488D0B21893D870061B9FC /* Project object */;
}
